
Microsoft Visual Studio Solution File, Format Version 12.00
# Visual Studio Version 17
VisualStudioVersion = 17.2.32616.157
MinimumVisualStudioVersion = 10.0.40219.1
Project("{FAE04EC0-301F-11D3-BF4B-00C04F79EFBC}") = "TUIHardwareMonitor", "TUIHardwareMonitor\TUIHardwareMonitor.csproj", "{1B31658A-C7A7-46F7-8F36-00A5C3B7796C}"
EndProject
Global
	GlobalSection(SolutionConfigurationPlatforms) = preSolution
		Debug|Any CPU = Debug|Any CPU
		Debug|x86 = Debug|x86
		Release|Any CPU = Release|Any CPU
		Release|x86 = Release|x86
	EndGlobalSection
	GlobalSection(ProjectConfigurationPlatforms) = postSolution
		{1B31658A-C7A7-46F7-8F36-00A5C3B7796C}.Debug|Any CPU.ActiveCfg = Debug|Any CPU
		{1B31658A-C7A7-46F7-8F36-00A5C3B7796C}.Debug|Any CPU.Build.0 = Debug|Any CPU
		{1B31658A-C7A7-46F7-8F36-00A5C3B7796C}.Debug|x86.ActiveCfg = Debug|x86
		{1B31658A-C7A7-46F7-8F36-00A5C3B7796C}.Debug|x86.Build.0 = Debug|x86
		{1B31658A-C7A7-46F7-8F36-00A5C3B7796C}.Release|Any CPU.ActiveCfg = Release|Any CPU
		{1B31658A-C7A7-46F7-8F36-00A5C3B7796C}.Release|Any CPU.Build.0 = Release|Any CPU
		{1B31658A-C7A7-46F7-8F36-00A5C3B7796C}.Release|x86.ActiveCfg = Release|x86
		{1B31658A-C7A7-46F7-8F36-00A5C3B7796C}.Release|x86.Build.0 = Release|x86
	EndGlobalSection
	GlobalSection(SolutionProperties) = preSolution
		HideSolutionNode = FALSE
	EndGlobalSection
	GlobalSection(ExtensibilityGlobals) = postSolution
		SolutionGuid = {D00A7B29-8FF2-4528-8CF1-4613D7DE97ED}
	EndGlobalSection
EndGlobal
